// !$*UTF8*$!
{
	archiveVersion = 1;
	classes = {
	};
	objectVersion = 50;
	objects = {

/* Begin PBXBuildFile section */
		16C0BCEE248F4F65008355FC /* AppDelegate.swift in Sources */ = {isa = PBXBuildFile; fileRef = 16C0BCED248F4F65008355FC /* AppDelegate.swift */; };
		16C0BCF0248F4F65008355FC /* SceneDelegate.swift in Sources */ = {isa = PBXBuildFile; fileRef = 16C0BCEF248F4F65008355FC /* SceneDelegate.swift */; };
		16C0BCF2248F4F65008355FC /* ViewController.swift in Sources */ = {isa = PBXBuildFile; fileRef = 16C0BCF1248F4F65008355FC /* ViewController.swift */; };
		16C0BCF5248F4F65008355FC /* Main.storyboard in Resources */ = {isa = PBXBuildFile; fileRef = 16C0BCF3248F4F65008355FC /* Main.storyboard */; };
		16C0BCF7248F4F66008355FC /* Assets.xcassets in Resources */ = {isa = PBXBuildFile; fileRef = 16C0BCF6248F4F66008355FC /* Assets.xcassets */; };
		16C0BCFA248F4F66008355FC /* LaunchScreen.storyboard in Resources */ = {isa = PBXBuildFile; fileRef = 16C0BCF8248F4F66008355FC /* LaunchScreen.storyboard */; };
		16C0BD05248F4F66008355FC /* zenith_mark_3Tests.swift in Sources */ = {isa = PBXBuildFile; fileRef = 16C0BD04248F4F66008355FC /* zenith_mark_3Tests.swift */; };
		16C0BD10248F4F66008355FC /* zenith_mark_3UITests.swift in Sources */ = {isa = PBXBuildFile; fileRef = 16C0BD0F248F4F66008355FC /* zenith_mark_3UITests.swift */; };
/* End PBXBuildFile section */

/* Begin PBXContainerItemProxy section */
		16C0BD01248F4F66008355FC /* PBXContainerItemProxy */ = {
			isa = PBXContainerItemProxy;
			containerPortal = 16C0BCE2248F4F65008355FC /* Project object */;
			proxyType = 1;
			remoteGlobalIDString = 16C0BCE9248F4F65008355FC;
			remoteInfo = "zenith mark 3";
		};
		16C0BD0C248F4F66008355FC /* PBXContainerItemProxy */ = {
			isa = PBXContainerItemProxy;
			containerPortal = 16C0BCE2248F4F65008355FC /* Project object */;
			proxyType = 1;
			remoteGlobalIDString = 16C0BCE9248F4F65008355FC;
			remoteInfo = "zenith mark 3";
		};
/* End PBXContainerItemProxy section */

/* Begin PBXFileReference section */
		16C0BCEA248F4F65008355FC /* zenith mark 3.app */ = {isa = PBXFileReference; explicitFileType = wrapper.application; includeInIndex = 0; path = "zenith mark 3.app"; sourceTree = BUILT_PRODUCTS_DIR; };
		16C0BCED248F4F65008355FC /* AppDelegate.swift */ = {isa = PBXFileReference; lastKnownFileType = sourcecode.swift; path = AppDelegate.swift; sourceTree = "<group>"; };
		16C0BCEF248F4F65008355FC /* SceneDelegate.swift */ = {isa = PBXFileReference; lastKnownFileType = sourcecode.swift; path = SceneDelegate.swift; sourceTree = "<group>"; };
		16C0BCF1248F4F65008355FC /* ViewController.swift */ = {isa = PBXFileReference; lastKnownFileType = sourcecode.swift; path = ViewController.swift; sourceTree = "<group>"; };
		16C0BCF4248F4F65008355FC /* Base */ = {isa = PBXFileReference; lastKnownFileType = file.storyboard; name = Base; path = Base.lproj/Main.storyboard; sourceTree = "<group>"; };
		16C0BCF6248F4F66008355FC /* Assets.xcassets */ = {isa = PBXFileReference; lastKnownFileType = folder.assetcatalog; path = Assets.xcassets; sourceTree = "<group>"; };
		16C0BCF9248F4F66008355FC /* Base */ = {isa = PBXFileReference; lastKnownFileType = file.storyboard; name = Base; path = Base.lproj/LaunchScreen.storyboard; sourceTree = "<group>"; };
		16C0BCFB248F4F66008355FC /* Info.plist */ = {isa = PBXFileReference; lastKnownFileType = text.plist.xml; path = Info.plist; sourceTree = "<group>"; };
		16C0BD00248F4F66008355FC /* zenith mark 3Tests.xctest */ = {isa = PBXFileReference; explicitFileType = wrapper.cfbundle; includeInIndex = 0; path = "zenith mark 3Tests.xctest"; sourceTree = BUILT_PRODUCTS_DIR; };
		16C0BD04248F4F66008355FC /* zenith_mark_3Tests.swift */ = {isa = PBXFileReference; lastKnownFileType = sourcecode.swift; path = zenith_mark_3Tests.swift; sourceTree = "<group>"; };
		16C0BD06248F4F66008355FC /* Info.plist */ = {isa = PBXFileReference; lastKnownFileType = text.plist.xml; path = Info.plist; sourceTree = "<group>"; };
		16C0BD0B248F4F66008355FC /* zenith mark 3UITests.xctest */ = {isa = PBXFileReference; explicitFileType = wrapper.cfbundle; includeInIndex = 0; path = "zenith mark 3UITests.xctest"; sourceTree = BUILT_PRODUCTS_DIR; };
		16C0BD0F248F4F66008355FC /* zenith_mark_3UITests.swift */ = {isa = PBXFileReference; lastKnownFileType = sourcecode.swift; path = zenith_mark_3UITests.swift; sourceTree = "<group>"; };
		16C0BD11248F4F66008355FC /* Info.plist */ = {isa = PBXFileReference; lastKnownFileType = text.plist.xml; path = Info.plist; sourceTree = "<group>"; };
/* End PBXFileReference section */

/* Begin PBXFrameworksBuildPhase section */
		16C0BCE7248F4F65008355FC /* Frameworks */ = {
			isa = PBXFrameworksBuildPhase;
			buildActionMask = 2147483647;
			files = (
			);
			runOnlyForDeploymentPostprocessing = 0;
		};
		16C0BCFD248F4F66008355FC /* Frameworks */ = {
			isa = PBXFrameworksBuildPhase;
			buildActionMask = 2147483647;
			files = (
			);
			runOnlyForDeploymentPostprocessing = 0;
		};
		16C0BD08248F4F66008355FC /* Frameworks */ = {
			isa = PBXFrameworksBuildPhase;
			buildActionMask = 2147483647;
			files = (
			);
			runOnlyForDeploymentPostprocessing = 0;
		};
/* End PBXFrameworksBuildPhase section */

/* Begin PBXGroup section */
		16C0BCE1248F4F65008355FC = {
			isa = PBXGroup;
			children = (
				16C0BCEC248F4F65008355FC /* zenith mark 3 */,
				16C0BD03248F4F66008355FC /* zenith mark 3Tests */,
				16C0BD0E248F4F66008355FC /* zenith mark 3UITests */,
				16C0BCEB248F4F65008355FC /* Products */,
			);
			sourceTree = "<group>";
		};
		16C0BCEB248F4F65008355FC /* Products */ = {
			isa = PBXGroup;
			children = (
				16C0BCEA248F4F65008355FC /* zenith mark 3.app */,
				16C0BD00248F4F66008355FC /* zenith mark 3Tests.xctest */,
				16C0BD0B248F4F66008355FC /* zenith mark 3UITests.xctest */,
			);
			name = Products;
			sourceTree = "<group>";
		};
		16C0BCEC248F4F65008355FC /* zenith mark 3 */ = {
			isa = PBXGroup;
			children = (
				16C0BCED248F4F65008355FC /* AppDelegate.swift */,
				16C0BCEF248F4F65008355FC /* SceneDelegate.swift */,
				16C0BCF1248F4F65008355FC /* ViewController.swift */,
				16C0BCF3248F4F65008355FC /* Main.storyboard */,
				16C0BCF6248F4F66008355FC /* Assets.xcassets */,
				16C0BCF8248F4F66008355FC /* LaunchScreen.storyboard */,
				16C0BCFB248F4F66008355FC /* Info.plist */,
			);
			path = "zenith mark 3";
			sourceTree = "<group>";
		};
		16C0BD03248F4F66008355FC /* zenith mark 3Tests */ = {
			isa = PBXGroup;
			children = (
				16C0BD04248F4F66008355FC /* zenith_mark_3Tests.swift */,
				16C0BD06248F4F66008355FC /* Info.plist */,
			);
			path = "zenith mark 3Tests";
			sourceTree = "<group>";
		};
		16C0BD0E248F4F66008355FC /* zenith mark 3UITests */ = {
			isa = PBXGroup;
			children = (
				16C0BD0F248F4F66008355FC /* zenith_mark_3UITests.swift */,
				16C0BD11248F4F66008355FC /* Info.plist */,
			);
			path = "zenith mark 3UITests";
			sourceTree = "<group>";
		};
/* End PBXGroup section */

/* Begin PBXNativeTarget section */
		16C0BCE9248F4F65008355FC /* zenith mark 3 */ = {
			isa = PBXNativeTarget;
			buildConfigurationList = 16C0BD14248F4F66008355FC /* Build configuration list for PBXNativeTarget "zenith mark 3" */;
			buildPhases = (
				16C0BCE6248F4F65008355FC /* Sources */,
				16C0BCE7248F4F65008355FC /* Frameworks */,
				16C0BCE8248F4F65008355FC /* Resources */,
			);
			buildRules = (
			);
			dependencies = (
			);
			name = "zenith mark 3";
			productName = "zenith mark 3";
			productReference = 16C0BCEA248F4F65008355FC /* zenith mark 3.app */;
			productType = "com.apple.product-type.application";
		};
		16C0BCFF248F4F66008355FC /* zenith mark 3Tests */ = {
			isa = PBXNativeTarget;
			buildConfigurationList = 16C0BD17248F4F66008355FC /* Build configuration list for PBXNativeTarget "zenith mark 3Tests" */;
			buildPhases = (
				16C0BCFC248F4F66008355FC /* Sources */,
				16C0BCFD248F4F66008355FC /* Frameworks */,
				16C0BCFE248F4F66008355FC /* Resources */,
			);
			buildRules = (
			);
			dependencies = (
				16C0BD02248F4F66008355FC /* PBXTargetDependency */,
			);
			name = "zenith mark 3Tests";
			productName = "zenith mark 3Tests";
			productReference = 16C0BD00248F4F66008355FC /* zenith mark 3Tests.xctest */;
			productType = "com.apple.product-type.bundle.unit-test";
		};
		16C0BD0A248F4F66008355FC /* zenith mark 3UITests */ = {
			isa = PBXNativeTarget;
			buildConfigurationList = 16C0BD1A248F4F66008355FC /* Build configuration list for PBXNativeTarget "zenith mark 3UITests" */;
			buildPhases = (
				16C0BD07248F4F66008355FC /* Sources */,
				16C0BD08248F4F66008355FC /* Frameworks */,
				16C0BD09248F4F66008355FC /* Resources */,
			);
			buildRules = (
			);
			dependencies = (
				16C0BD0D248F4F66008355FC /* PBXTargetDependency */,
			);
			name = "zenith mark 3UITests";
			productName = "zenith mark 3UITests";
			productReference = 16C0BD0B248F4F66008355FC /* zenith mark 3UITests.xctest */;
			productType = "com.apple.product-type.bundle.ui-testing";
		};
/* End PBXNativeTarget section */

/* Begin PBXProject section */
		16C0BCE2248F4F65008355FC /* Project object */ = {
			isa = PBXProject;
			attributes = {
				LastSwiftUpdateCheck = 1150;
				LastUpgradeCheck = 1150;
				ORGANIZATIONNAME = "Zenith Technologies";
				TargetAttributes = {
					16C0BCE9248F4F65008355FC = {
						CreatedOnToolsVersion = 11.5;
					};
					16C0BCFF248F4F66008355FC = {
						CreatedOnToolsVersion = 11.5;
						TestTargetID = 16C0BCE9248F4F65008355FC;
					};
					16C0BD0A248F4F66008355FC = {
						CreatedOnToolsVersion = 11.5;
						TestTargetID = 16C0BCE9248F4F65008355FC;
					};
				};
			};
			buildConfigurationList = 16C0BCE5248F4F65008355FC /* Build configuration list for PBXProject "zenith mark 3" */;
			compatibilityVersion = "Xcode 9.3";
			developmentRegion = en;
			hasScannedForEncodings = 0;
			knownRegions = (
				en,
				Base,
			);
			mainGroup = 16C0BCE1248F4F65008355FC;
			productRefGroup = 16C0BCEB248F4F65008355FC /* Products */;
			projectDirPath = "";
			projectRoot = "";
			targets = (
				16C0BCE9248F4F65008355FC /* zenith mark 3 */,
				16C0BCFF248F4F66008355FC /* zenith mark 3Tests */,
				16C0BD0A248F4F66008355FC /* zenith mark 3UITests */,
			);
		};
/* End PBXProject section */

/* Begin PBXResourcesBuildPhase section */
		16C0BCE8248F4F65008355FC /* Resources */ = {
			isa = PBXResourcesBuildPhase;
			buildActionMask = 2147483647;
			files = (
				16C0BCFA248F4F66008355FC /* LaunchScreen.storyboard in Resources */,
				16C0BCF7248F4F66008355FC /* Assets.xcassets in Resources */,
				16C0BCF5248F4F65008355FC /* Main.storyboard in Resources */,
			);
			runOnlyForDeploymentPostprocessing = 0;
		};
		16C0BCFE248F4F66008355FC /* Resources */ = {
			isa = PBXResourcesBuildPhase;
			buildActionMask = 2147483647;
			files = (
			);
			runOnlyForDeploymentPostprocessing = 0;
		};
		16C0BD09248F4F66008355FC /* Resources */ = {
			isa = PBXResourcesBuildPhase;
			buildActionMask = 2147483647;
			files = (
			);
			runOnlyForDeploymentPostprocessing = 0;
		};
/* End PBXResourcesBuildPhase section */

/* Begin PBXSourcesBuildPhase section */
		16C0BCE6248F4F65008355FC /* Sources */ = {
			isa = PBXSourcesBuildPhase;
			buildActionMask = 2147483647;
			files = (
				16C0BCF2248F4F65008355FC /* ViewController.swift in Sources */,
				16C0BCEE248F4F65008355FC /* AppDelegate.swift in Sources */,
				16C0BCF0248F4F65008355FC /* SceneDelegate.swift in Sources */,
			);
			runOnlyForDeploymentPostprocessing = 0;
		};
		16C0BCFC248F4F66008355FC /* Sources */ = {
			isa = PBXSourcesBuildPhase;
			buildActionMask = 2147483647;
			files = (
				16C0BD05248F4F66008355FC /* zenith_mark_3Tests.swift in Sources */,
			);
			runOnlyForDeploymentPostprocessing = 0;
		};
		16C0BD07248F4F66008355FC /* Sources */ = {
			isa = PBXSourcesBuildPhase;
			buildActionMask = 2147483647;
			files = (
				16C0BD10248F4F66008355FC /* zenith_mark_3UITests.swift in Sources */,
			);
			runOnlyForDeploymentPostprocessing = 0;
		};
/* End PBXSourcesBuildPhase section */

/* Begin PBXTargetDependency section */
		16C0BD02248F4F66008355FC /* PBXTargetDependency */ = {
			isa = PBXTargetDependency;
			target = 16C0BCE9248F4F65008355FC /* zenith mark 3 */;
			targetProxy = 16C0BD01248F4F66008355FC /* PBXContainerItemProxy */;
		};
		16C0BD0D248F4F66008355FC /* PBXTargetDependency */ = {
			isa = PBXTargetDependency;
			target = 16C0BCE9248F4F65008355FC /* zenith mark 3 */;
			targetProxy = 16C0BD0C248F4F66008355FC /* PBXContainerItemProxy */;
		};
/* End PBXTargetDependency section */

/* Begin PBXVariantGroup section */
		16C0BCF3248F4F65008355FC /* Main.storyboard */ = {
			isa = PBXVariantGroup;
			children = (
				16C0BCF4248F4F65008355FC /* Base */,
			);
			name = Main.storyboard;
			sourceTree = "<group>";
		};
		16C0BCF8248F4F66008355FC /* LaunchScreen.storyboard */ = {
			isa = PBXVariantGroup;
			children = (
				16C0BCF9248F4F66008355FC /* Base */,
			);
			name = LaunchScreen.storyboard;
			sourceTree = "<group>";
		};
/* End PBXVariantGroup section */

/* Begin XCBuildConfiguration section */
		16C0BD12248F4F66008355FC /* Debug */ = {
			isa = XCBuildConfiguration;
			buildSettings = {
				ALWAYS_SEARCH_USER_PATHS = NO;
				CLANG_ANALYZER_NONNULL = YES;
				CLANG_ANALYZER_NUMBER_OBJECT_CONVERSION = YES_AGGRESSIVE;
				CLANG_CXX_LANGUAGE_STANDARD = "gnu++14";
				CLANG_CXX_LIBRARY = "libc++";
				CLANG_ENABLE_MODULES = YES;
				CLANG_ENABLE_OBJC_ARC = YES;
				CLANG_ENABLE_OBJC_WEAK = YES;
				CLANG_WARN_BLOCK_CAPTURE_AUTORELEASING = YES;
				CLANG_WARN_BOOL_CONVERSION = YES;
				CLANG_WARN_COMMA = YES;
				CLANG_WARN_CONSTANT_CONVERSION = YES;
				CLANG_WARN_DEPRECATED_OBJC_IMPLEMENTATIONS = YES;
				CLANG_WARN_DIRECT_OBJC_ISA_USAGE = YES_ERROR;
				CLANG_WARN_DOCUMENTATION_COMMENTS = YES;
				CLANG_WARN_EMPTY_BODY = YES;
				CLANG_WARN_ENUM_CONVERSION = YES;
				CLANG_WARN_INFINITE_RECURSION = YES;
				CLANG_WARN_INT_CONVERSION = YES;
				CLANG_WARN_NON_LITERAL_NULL_CONVERSION = YES;
				CLANG_WARN_OBJC_IMPLICIT_RETAIN_SELF = YES;
				CLANG_WARN_OBJC_LITERAL_CONVERSION = YES;
				CLANG_WARN_OBJC_ROOT_CLASS = YES_ERROR;
				CLANG_WARN_RANGE_LOOP_ANALYSIS = YES;
				CLANG_WARN_STRICT_PROTOTYPES = YES;
				CLANG_WARN_SUSPICIOUS_MOVE = YES;
				CLANG_WARN_UNGUARDED_AVAILABILITY = YES_AGGRESSIVE;
				CLANG_WARN_UNREACHABLE_CODE = YES;
				CLANG_WARN__DUPLICATE_METHOD_MATCH = YES;
				COPY_PHASE_STRIP = NO;
				DEBUG_INFORMATION_FORMAT = dwarf;
				ENABLE_STRICT_OBJC_MSGSEND = YES;
				ENABLE_TESTABILITY = YES;
				GCC_C_LANGUAGE_STANDARD = gnu11;
				GCC_DYNAMIC_NO_PIC = NO;
				GCC_NO_COMMON_BLOCKS = YES;
				GCC_OPTIMIZATION_LEVEL = 0;
				GCC_PREPROCESSOR_DEFINITIONS = (
					"DEBUG=1",
					"$(inherited)",
				);
				GCC_WARN_64_TO_32_BIT_CONVERSION = YES;
				GCC_WARN_ABOUT_RETURN_TYPE = YES_ERROR;
				GCC_WARN_UNDECLARED_SELECTOR = YES;
				GCC_WARN_UNINITIALIZED_AUTOS = YES_AGGRESSIVE;
				GCC_WARN_UNUSED_FUNCTION = YES;
				GCC_WARN_UNUSED_VARIABLE = YES;
				IPHONEOS_DEPLOYMENT_TARGET = 13.5;
				MTL_ENABLE_DEBUG_INFO = INCLUDE_SOURCE;
				MTL_FAST_MATH = YES;
				ONLY_ACTIVE_ARCH = YES;
				SDKROOT = iphoneos;
				SWIFT_ACTIVE_COMPILATION_CONDITIONS = DEBUG;
				SWIFT_OPTIMIZATION_LEVEL = "-Onone";
			};
			name = Debug;
		};
		16C0BD13248F4F66008355FC /* Release */ = {
			isa = XCBuildConfiguration;
			buildSettings = {
				ALWAYS_SEARCH_USER_PATHS = NO;
				CLANG_ANALYZER_NONNULL = YES;
				CLANG_ANALYZER_NUMBER_OBJECT_CONVERSION = YES_AGGRESSIVE;
				CLANG_CXX_LANGUAGE_STANDARD = "gnu++14";
				CLANG_CXX_LIBRARY = "libc++";
				CLANG_ENABLE_MODULES = YES;
				CLANG_ENABLE_OBJC_ARC = YES;
				CLANG_ENABLE_OBJC_WEAK = YES;
				CLANG_WARN_BLOCK_CAPTURE_AUTORELEASING = YES;
				CLANG_WARN_BOOL_CONVERSION = YES;
				CLANG_WARN_COMMA = YES;
				CLANG_WARN_CONSTANT_CONVERSION = YES;
				CLANG_WARN_DEPRECATED_OBJC_IMPLEMENTATIONS = YES;
				CLANG_WARN_DIRECT_OBJC_ISA_USAGE = YES_ERROR;
				CLANG_WARN_DOCUMENTATION_COMMENTS = YES;
				CLANG_WARN_EMPTY_BODY = YES;
				CLANG_WARN_ENUM_CONVERSION = YES;
				CLANG_WARN_INFINITE_RECURSION = YES;
				CLANG_WARN_INT_CONVERSION = YES;
				CLANG_WARN_NON_LITERAL_NULL_CONVERSION = YES;
				CLANG_WARN_OBJC_IMPLICIT_RETAIN_SELF = YES;
				CLANG_WARN_OBJC_LITERAL_CONVERSION = YES;
				CLANG_WARN_OBJC_ROOT_CLASS = YES_ERROR;
				CLANG_WARN_RANGE_LOOP_ANALYSIS = YES;
				CLANG_WARN_STRICT_PROTOTYPES = YES;
				CLANG_WARN_SUSPICIOUS_MOVE = YES;
				CLANG_WARN_UNGUARDED_AVAILABILITY = YES_AGGRESSIVE;
				CLANG_WARN_UNREACHABLE_CODE = YES;
				CLANG_WARN__DUPLICATE_METHOD_MATCH = YES;
				COPY_PHASE_STRIP = NO;
				DEBUG_INFORMATION_FORMAT = "dwarf-with-dsym";
				ENABLE_NS_ASSERTIONS = NO;
				ENABLE_STRICT_OBJC_MSGSEND = YES;
				GCC_C_LANGUAGE_STANDARD = gnu11;
				GCC_NO_COMMON_BLOCKS = YES;
				GCC_WARN_64_TO_32_BIT_CONVERSION = YES;
				GCC_WARN_ABOUT_RETURN_TYPE = YES_ERROR;
				GCC_WARN_UNDECLARED_SELECTOR = YES;
				GCC_WARN_UNINITIALIZED_AUTOS = YES_AGGRESSIVE;
				GCC_WARN_UNUSED_FUNCTION = YES;
				GCC_WARN_UNUSED_VARIABLE = YES;
				IPHONEOS_DEPLOYMENT_TARGET = 13.5;
				MTL_ENABLE_DEBUG_INFO = NO;
				MTL_FAST_MATH = YES;
				SDKROOT = iphoneos;
				SWIFT_COMPILATION_MODE = wholemodule;
				SWIFT_OPTIMIZATION_LEVEL = "-O";
				VALIDATE_PRODUCT = YES;
			};
			name = Release;
		};
		16C0BD15248F4F66008355FC /* Debug */ = {
			isa = XCBuildConfiguration;
			buildSettings = {
				ASSETCATALOG_COMPILER_APPICON_NAME = AppIcon;
				CODE_SIGN_STYLE = Automatic;
				DEVELOPMENT_TEAM = 62R89S8YKS;
				INFOPLIST_FILE = "zenith mark 3/Info.plist";
				LD_RUNPATH_SEARCH_PATHS = (
					"$(inherited)",
					"@executable_path/Frameworks",
				);
				PRODUCT_BUNDLE_IDENTIFIER = "Bose.zenith-mark-3";
				PRODUCT_NAME = "$(TARGET_NAME)";
				SWIFT_VERSION = 5.0;
				TARGETED_DEVICE_FAMILY = "1,2";
			};
			name = Debug;
		};
		16C0BD16248F4F66008355FC /* Release */ = {
			isa = XCBuildConfiguration;
			buildSettings = {
				ASSETCATALOG_COMPILER_APPICON_NAME = AppIcon;
				CODE_SIGN_STYLE = Automatic;
				DEVELOPMENT_TEAM = 62R89S8YKS;
				INFOPLIST_FILE = "zenith mark 3/Info.plist";
				LD_RUNPATH_SEARCH_PATHS = (
					"$(inherited)",
					"@executable_path/Frameworks",
				);
				PRODUCT_BUNDLE_IDENTIFIER = "Bose.zenith-mark-3";
				PRODUCT_NAME = "$(TARGET_NAME)";
				SWIFT_VERSION = 5.0;
				TARGETED_DEVICE_FAMILY = "1,2";
			};
			name = Release;
		};
		16C0BD18248F4F66008355FC /* Debug */ = {
			isa = XCBuildConfiguration;
			buildSettings = {
				ALWAYS_EMBED_SWIFT_STANDARD_LIBRARIES = YES;
				BUNDLE_LOADER = "$(TEST_HOST)";
				CODE_SIGN_STYLE = Automatic;
				DEVELOPMENT_TEAM = 62R89S8YKS;
				INFOPLIST_FILE = "zenith mark 3Tests/Info.plist";
				IPHONEOS_DEPLOYMENT_TARGET = 13.5;
				LD_RUNPATH_SEARCH_PATHS = (
					"$(inherited)",
					"@executable_path/Frameworks",
					"@loader_path/Frameworks",
				);
				PRODUCT_BUNDLE_IDENTIFIER = "Bose.zenith-mark-3Tests";
				PRODUCT_NAME = "$(TARGET_NAME)";
				SWIFT_VERSION = 5.0;
				TARGETED_DEVICE_FAMILY = "1,2";
				TEST_HOST = "$(BUILT_PRODUCTS_DIR)/zenith mark 3.app/zenith mark 3";
			};
			name = Debug;
		};
		16C0BD19248F4F66008355FC /* Release */ = {
			isa = XCBuildConfiguration;
			buildSettings = {
				ALWAYS_EMBED_SWIFT_STANDARD_LIBRARIES = YES;
				BUNDLE_LOADER = "$(TEST_HOST)";
				CODE_SIGN_STYLE = Automatic;
				DEVELOPMENT_TEAM = 62R89S8YKS;
				INFOPLIST_FILE = "zenith mark 3Tests/Info.plist";
				IPHONEOS_DEPLOYMENT_TARGET = 13.5;
				LD_RUNPATH_SEARCH_PATHS = (
					"$(inherited)",
					"@executable_path/Frameworks",
					"@loader_path/Frameworks",
				);
				PRODUCT_BUNDLE_IDENTIFIER = "Bose.zenith-mark-3Tests";
				PRODUCT_NAME = "$(TARGET_NAME)";
				SWIFT_VERSION = 5.0;
				TARGETED_DEVICE_FAMILY = "1,2";
				TEST_HOST = "$(BUILT_PRODUCTS_DIR)/zenith mark 3.app/zenith mark 3";
			};
			name = Release;
		};
		16C0BD1B248F4F66008355FC /* Debug */ = {
			isa = XCBuildConfiguration;
			buildSettings = {
				ALWAYS_EMBED_SWIFT_STANDARD_LIBRARIES = YES;
				CODE_SIGN_STYLE = Automatic;
				DEVELOPMENT_TEAM = 62R89S8YKS;
				INFOPLIST_FILE = "zenith mark 3UITests/Info.plist";
				LD_RUNPATH_SEARCH_PATHS = (
					"$(inherited)",
					"@executable_path/Frameworks",
					"@loader_path/Frameworks",
				);
				PRODUCT_BUNDLE_IDENTIFIER = "Bose.zenith-mark-3UITests";
				PRODUCT_NAME = "$(TARGET_NAME)";
				SWIFT_VERSION = 5.0;
				TARGETED_DEVICE_FAMILY = "1,2";
				TEST_TARGET_NAME = "zenith mark 3";
			};
			name = Debug;
		};
		16C0BD1C248F4F66008355FC /* Release */ = {
			isa = XCBuildConfiguration;
			buildSettings = {
				ALWAYS_EMBED_SWIFT_STANDARD_LIBRARIES = YES;
				CODE_SIGN_STYLE = Automatic;
				DEVELOPMENT_TEAM = 62R89S8YKS;
				INFOPLIST_FILE = "zenith mark 3UITests/Info.plist";
				LD_RUNPATH_SEARCH_PATHS = (
					"$(inherited)",
					"@executable_path/Frameworks",
					"@loader_path/Frameworks",
				);
				PRODUCT_BUNDLE_IDENTIFIER = "Bose.zenith-mark-3UITests";
				PRODUCT_NAME = "$(TARGET_NAME)";
				SWIFT_VERSION = 5.0;
				TARGETED_DEVICE_FAMILY = "1,2";
				TEST_TARGET_NAME = "zenith mark 3";
			};
			name = Release;
		};
/* End XCBuildConfiguration section */

/* Begin XCConfigurationList section */
		16C0BCE5248F4F65008355FC /* Build configuration list for PBXProject "zenith mark 3" */ = {
			isa = XCConfigurationList;
			buildConfigurations = (
				16C0BD12248F4F66008355FC /* Debug */,
				16C0BD13248F4F66008355FC /* Release */,
			);
			defaultConfigurationIsVisible = 0;
			defaultConfigurationName = Release;
		};
		16C0BD14248F4F66008355FC /* Build configuration list for PBXNativeTarget "zenith mark 3" */ = {
			isa = XCConfigurationList;
			buildConfigurations = (
				16C0BD15248F4F66008355FC /* Debug */,
				16C0BD16248F4F66008355FC /* Release */,
			);
			defaultConfigurationIsVisible = 0;
			defaultConfigurationName = Release;
		};
		16C0BD17248F4F66008355FC /* Build configuration list for PBXNativeTarget "zenith mark 3Tests" */ = {
			isa = XCConfigurationList;
			buildConfigurations = (
				16C0BD18248F4F66008355FC /* Debug */,
				16C0BD19248F4F66008355FC /* Release */,
			);
			defaultConfigurationIsVisible = 0;
			defaultConfigurationName = Release;
		};
		16C0BD1A248F4F66008355FC /* Build configuration list for PBXNativeTarget "zenith mark 3UITests" */ = {
			isa = XCConfigurationList;
			buildConfigurations = (
				16C0BD1B248F4F66008355FC /* Debug */,
				16C0BD1C248F4F66008355FC /* Release */,
			);
			defaultConfigurationIsVisible = 0;
			defaultConfigurationName = Release;
		};
/* End XCConfigurationList section */
	};
	rootObject = 16C0BCE2248F4F65008355FC /* Project object */;
}
